
Microsoft Visual Studio Solution File, Format Version 12.00
Project("{FAE04EC0-301F-11D3-BF4B-00C04F79EFBC}") = "TfGM-API-Wrapper", "TfGM-API-Wrapper\TfGM-API-Wrapper.csproj", "{26BE43FA-F5C3-4C32-89E2-DC763989A04B}"
EndProject
Project("{FAE04EC0-301F-11D3-BF4B-00C04F79EFBC}") = "TfGM-API-Wrapper-Tests", "TfGM-API-Wrapper-Tests\TfGM-API-Wrapper-Tests.csproj", "{3E195897-F8BF-496E-8666-D21EC8C7F385}"
EndProject
Global
	GlobalSection(SolutionConfigurationPlatforms) = preSolution
		Debug|Any CPU = Debug|Any CPU
		Release|Any CPU = Release|Any CPU
	EndGlobalSection
	GlobalSection(ProjectConfigurationPlatforms) = postSolution
		{26BE43FA-F5C3-4C32-89E2-DC763989A04B}.Debug|Any CPU.ActiveCfg = Debug|Any CPU
		{26BE43FA-F5C3-4C32-89E2-DC763989A04B}.Debug|Any CPU.Build.0 = Debug|Any CPU
		{26BE43FA-F5C3-4C32-89E2-DC763989A04B}.Release|Any CPU.ActiveCfg = Release|Any CPU
		{26BE43FA-F5C3-4C32-89E2-DC763989A04B}.Release|Any CPU.Build.0 = Release|Any CPU
		{3E195897-F8BF-496E-8666-D21EC8C7F385}.Debug|Any CPU.ActiveCfg = Debug|Any CPU
		{3E195897-F8BF-496E-8666-D21EC8C7F385}.Debug|Any CPU.Build.0 = Debug|Any CPU
		{3E195897-F8BF-496E-8666-D21EC8C7F385}.Release|Any CPU.ActiveCfg = Release|Any CPU
		{3E195897-F8BF-496E-8666-D21EC8C7F385}.Release|Any CPU.Build.0 = Release|Any CPU
	EndGlobalSection
EndGlobal
